
Microsoft Visual Studio Solution File, Format Version 12.00
# Visual Studio Version 17
VisualStudioVersion = 17.2.32526.322
MinimumVisualStudioVersion = 10.0.40219.1
Project("{9A19103F-16F7-4668-BE54-9A1E7A4F7556}") = "BirthdayTrackerApp", "BirthdayTrackerApp\BirthdayTrackerApp.csproj", "{59CBC3D7-B8BE-4DB0-AE1C-BB7627ECBDDC}"
EndProject
Global
	GlobalSection(SolutionConfigurationPlatforms) = preSolution
		Debug|Any CPU = Debug|Any CPU
		Release|Any CPU = Release|Any CPU
	EndGlobalSection
	GlobalSection(ProjectConfigurationPlatforms) = postSolution
		{59CBC3D7-B8BE-4DB0-AE1C-BB7627ECBDDC}.Debug|Any CPU.ActiveCfg = Debug|Any CPU
		{59CBC3D7-B8BE-4DB0-AE1C-BB7627ECBDDC}.Debug|Any CPU.Build.0 = Debug|Any CPU
		{59CBC3D7-B8BE-4DB0-AE1C-BB7627ECBDDC}.Release|Any CPU.ActiveCfg = Release|Any CPU
		{59CBC3D7-B8BE-4DB0-AE1C-BB7627ECBDDC}.Release|Any CPU.Build.0 = Release|Any CPU
	EndGlobalSection
	GlobalSection(SolutionProperties) = preSolution
		HideSolutionNode = FALSE
	EndGlobalSection
	GlobalSection(ExtensibilityGlobals) = postSolution
		SolutionGuid = {97317A2B-F1BB-4703-A179-0D0CA7F19BA9}
	EndGlobalSection
EndGlobal
